
Microsoft Visual Studio Solution File, Format Version 12.00
# Visual Studio Version 16
VisualStudioVersion = 16.0.29318.209
MinimumVisualStudioVersion = 10.0.40219.1
Project("{FAE04EC0-301F-11D3-BF4B-00C04F79EFBC}") = "Demo.WindowsService", "Demo.WindowsService\Demo.WindowsService.csproj", "{F52A8E7E-3D3F-4928-9A21-61E752DDD4BF}"
EndProject
Project("{FAE04EC0-301F-11D3-BF4B-00C04F79EFBC}") = "Demo.Core", "Demo.Core\Demo.Core.csproj", "{62CD4163-4C0D-409B-889A-207BD4D564F7}"
EndProject
Project("{FAE04EC0-301F-11D3-BF4B-00C04F79EFBC}") = "Demo.UnitTests", "Demo.UnitTests\Demo.UnitTests.csproj", "{C2E89AE5-E711-421C-B0B8-CA9AC100EC25}"
EndProject
Global
	GlobalSection(SolutionConfigurationPlatforms) = preSolution
		Debug|Any CPU = Debug|Any CPU
		Release|Any CPU = Release|Any CPU
	EndGlobalSection
	GlobalSection(ProjectConfigurationPlatforms) = postSolution
		{F52A8E7E-3D3F-4928-9A21-61E752DDD4BF}.Debug|Any CPU.ActiveCfg = Debug|Any CPU
		{F52A8E7E-3D3F-4928-9A21-61E752DDD4BF}.Debug|Any CPU.Build.0 = Debug|Any CPU
		{F52A8E7E-3D3F-4928-9A21-61E752DDD4BF}.Release|Any CPU.ActiveCfg = Release|Any CPU
		{F52A8E7E-3D3F-4928-9A21-61E752DDD4BF}.Release|Any CPU.Build.0 = Release|Any CPU
		{62CD4163-4C0D-409B-889A-207BD4D564F7}.Debug|Any CPU.ActiveCfg = Debug|Any CPU
		{62CD4163-4C0D-409B-889A-207BD4D564F7}.Debug|Any CPU.Build.0 = Debug|Any CPU
		{62CD4163-4C0D-409B-889A-207BD4D564F7}.Release|Any CPU.ActiveCfg = Release|Any CPU
		{62CD4163-4C0D-409B-889A-207BD4D564F7}.Release|Any CPU.Build.0 = Release|Any CPU
		{C2E89AE5-E711-421C-B0B8-CA9AC100EC25}.Debug|Any CPU.ActiveCfg = Debug|Any CPU
		{C2E89AE5-E711-421C-B0B8-CA9AC100EC25}.Debug|Any CPU.Build.0 = Debug|Any CPU
		{C2E89AE5-E711-421C-B0B8-CA9AC100EC25}.Release|Any CPU.ActiveCfg = Release|Any CPU
		{C2E89AE5-E711-421C-B0B8-CA9AC100EC25}.Release|Any CPU.Build.0 = Release|Any CPU
	EndGlobalSection
	GlobalSection(SolutionProperties) = preSolution
		HideSolutionNode = FALSE
	EndGlobalSection
	GlobalSection(ExtensibilityGlobals) = postSolution
		SolutionGuid = {A20469D4-8FAB-45DF-BD24-84EA9D4C30E4}
	EndGlobalSection
EndGlobal
